PODS:
  - Alamofire (3.2.1)
  - Kingfisher (2.1.0)
  - ObjectMapper (1.1.5)
  - PopcornKit (0.1):
    - Alamofire
    - ObjectMapper
    - PopcornTorrent
    - SWXMLHash
  - PopcornTorrent (1.0.6)
  - SWXMLHash (2.2.0)
  - TVMLKitchen (0.6.2)
  - YoutubeSourceParserKit (0.2.4)

DEPENDENCIES:
  - Kingfisher
  - PopcornKit (from `git@github.com:PopcornTimeTV/PopcornKit.git`, branch `master`)
  - PopcornTorrent (from `https://github.com/PopcornTimeTV/PopcornTorrent.git`)
  - TVMLKitchen (from `https://github.com/toshi0383/TVMLKitchen.git`)
  - YoutubeSourceParserKit

EXTERNAL SOURCES:
  PopcornKit:
    :branch: master
    :git: git@github.com:PopcornTimeTV/PopcornKit.git
  PopcornTorrent:
    :git: https://github.com/PopcornTimeTV/PopcornTorrent.git
  TVMLKitchen:
    :git: https://github.com/toshi0383/TVMLKitchen.git

CHECKOUT OPTIONS:
  PopcornKit:
    :commit: c579cd71466a0deb56e616b5bd19f48b9f9ec792
    :git: git@github.com:PopcornTimeTV/PopcornKit.git
  PopcornTorrent:
    :commit: 25cd069f3376213aac2b6930092cf0fe535c330a
    :git: https://github.com/PopcornTimeTV/PopcornTorrent.git
  TVMLKitchen:
    :commit: 65a3589e7bf055d320642b400229126565c05664
    :git: https://github.com/toshi0383/TVMLKitchen.git

SPEC CHECKSUMS:
  Alamofire: f11d8624a05f5d39e0c99309b3e600a3ba64298a
  Kingfisher: 3ac09acad75a25ab22f6d7cef3de10d61dd4792d
  ObjectMapper: 528b1a6677a6acac7747edd508576983e76a9148
  PopcornKit: 1c14e755e6bbea68785ddd1ca89ae9e337568469
  PopcornTorrent: 49835ea6cf9a90b98da6d022c8b190c40bf59389
  SWXMLHash: cf2a62b04514211b238b39b3aa348ba4746523af
  TVMLKitchen: e1916ec9bca767dae34e509ab59fdf8009d52d8a
  YoutubeSourceParserKit: d1506222a62718ed41f18ab52ebbc1b1d9ecabcc

COCOAPODS: 0.39.0
