// !$*UTF8*$!
{
	archiveVersion = 1;
	classes = {
	};
	objectVersion = 46;
	objects = {

/* Begin PBXBuildFile section */
		280910321C99DFDA00C8EC1C /* Popular.swift in Sources */ = {isa = PBXBuildFile; fileRef = 280910311C99DFDA00C8EC1C /* Popular.swift */; };
		280910341C99E0E000C8EC1C /* Search.swift in Sources */ = {isa = PBXBuildFile; fileRef = 280910331C99E0E000C8EC1C /* Search.swift */; };
		280910381C99E6CA00C8EC1C /* Loading.xml in Resources */ = {isa = PBXBuildFile; fileRef = 280910371C99E6CA00C8EC1C /* Loading.xml */; };
		287B85381C9873A200EEF5C8 /* AppDelegate.swift in Sources */ = {isa = PBXBuildFile; fileRef = 287B85371C9873A200EEF5C8 /* AppDelegate.swift */; };
		287B853F1C9873A200EEF5C8 /* Assets.xcassets in Resources */ = {isa = PBXBuildFile; fileRef = 287B853E1C9873A200EEF5C8 /* Assets.xcassets */; };
		287B85471C98771300EEF5C8 /* ActionHandler.swift in Sources */ = {isa = PBXBuildFile; fileRef = 287B85461C98771300EEF5C8 /* ActionHandler.swift */; };
		28EB626C1CA3364300985F78 /* String+Cleaned.swift in Sources */ = {isa = PBXBuildFile; fileRef = 28EB626B1CA3364300985F78 /* String+Cleaned.swift */; };
		4D6953C8BDE957ED2E9EFD94 /* Pods_PopcornTime.framework in Frameworks */ = {isa = PBXBuildFile; fileRef = C900A4508BB37D7070FA6888 /* Pods_PopcornTime.framework */; };
		923860571CA0E40500A21F3B /* Latest.swift in Sources */ = {isa = PBXBuildFile; fileRef = 923860561CA0E40500A21F3B /* Latest.swift */; };
		92892D221C9E489000BCD1A1 /* SearchRecipe.swift in Sources */ = {isa = PBXBuildFile; fileRef = 92892D201C9E489000BCD1A1 /* SearchRecipe.swift */; };
		92892D231C9E489000BCD1A1 /* MovieSearchRecipe.xml in Resources */ = {isa = PBXBuildFile; fileRef = 92892D211C9E489000BCD1A1 /* MovieSearchRecipe.xml */; };
		92925B2F1C9CA4E80086D362 /* Main.storyboard in Resources */ = {isa = PBXBuildFile; fileRef = 92925B2D1C9CA4E80086D362 /* Main.storyboard */; };
		92925B311C9CA5BC0086D362 /* ProgressViewController.swift in Sources */ = {isa = PBXBuildFile; fileRef = 92925B301C9CA5BC0086D362 /* ProgressViewController.swift */; };
		92925B341C9CAB360086D362 /* PlayerViewController.swift in Sources */ = {isa = PBXBuildFile; fileRef = 92925B331C9CAB360086D362 /* PlayerViewController.swift */; };
		92925B451C9E199B0086D362 /* DescriptionRecipe.swift in Sources */ = {isa = PBXBuildFile; fileRef = 92925B431C9E199B0086D362 /* DescriptionRecipe.swift */; };
		92925B461C9E199B0086D362 /* DescriptionRecipe.xml in Resources */ = {isa = PBXBuildFile; fileRef = 92925B441C9E199B0086D362 /* DescriptionRecipe.xml */; };
		929B44631C9B73FE00805EC4 /* CatalogRecipe.swift in Sources */ = {isa = PBXBuildFile; fileRef = 929B445F1C9B73FE00805EC4 /* CatalogRecipe.swift */; };
		929B44641C9B73FE00805EC4 /* CatalogRecipe.xml in Resources */ = {isa = PBXBuildFile; fileRef = 929B44601C9B73FE00805EC4 /* CatalogRecipe.xml */; };
		929B44651C9B73FE00805EC4 /* ProductRecipe.swift in Sources */ = {isa = PBXBuildFile; fileRef = 929B44611C9B73FE00805EC4 /* ProductRecipe.swift */; };
		929B44661C9B73FE00805EC4 /* ProductRecipe.xml in Resources */ = {isa = PBXBuildFile; fileRef = 929B44621C9B73FE00805EC4 /* ProductRecipe.xml */; };
		92DF99D11CA6FB0800D6944C /* Movie+Parallax.swift in Sources */ = {isa = PBXBuildFile; fileRef = 92DF99D01CA6FB0800D6944C /* Movie+Parallax.swift */; };
/* End PBXBuildFile section */

/* Begin PBXFileReference section */
		280910311C99DFDA00C8EC1C /* Popular.swift */ = {isa = PBXFileReference; fileEncoding = 4; lastKnownFileType = sourcecode.swift; path = Popular.swift; sourceTree = "<group>"; };
		280910331C99E0E000C8EC1C /* Search.swift */ = {isa = PBXFileReference; fileEncoding = 4; lastKnownFileType = sourcecode.swift; path = Search.swift; sourceTree = "<group>"; };
		280910371C99E6CA00C8EC1C /* Loading.xml */ = {isa = PBXFileReference; fileEncoding = 4; lastKnownFileType = text.xml; path = Loading.xml; sourceTree = "<group>"; };
		287B85341C9873A200EEF5C8 /* PopcornTime.app */ = {isa = PBXFileReference; explicitFileType = wrapper.application; includeInIndex = 0; path = PopcornTime.app; sourceTree = BUILT_PRODUCTS_DIR; };
		287B85371C9873A200EEF5C8 /* AppDelegate.swift */ = {isa = PBXFileReference; lastKnownFileType = sourcecode.swift; path = AppDelegate.swift; sourceTree = "<group>"; };
		287B853E1C9873A200EEF5C8 /* Assets.xcassets */ = {isa = PBXFileReference; lastKnownFileType = folder.assetcatalog; path = Assets.xcassets; sourceTree = "<group>"; };
		287B85401C9873A200EEF5C8 /* Info.plist */ = {isa = PBXFileReference; lastKnownFileType = text.plist.xml; path = Info.plist; sourceTree = "<group>"; };
		287B85461C98771300EEF5C8 /* ActionHandler.swift */ = {isa = PBXFileReference; fileEncoding = 4; lastKnownFileType = sourcecode.swift; path = ActionHandler.swift; sourceTree = "<group>"; };
		28EB626B1CA3364300985F78 /* String+Cleaned.swift */ = {isa = PBXFileReference; fileEncoding = 4; lastKnownFileType = sourcecode.swift; name = "String+Cleaned.swift"; path = "Extensions/String+Cleaned.swift"; sourceTree = "<group>"; };
		923860561CA0E40500A21F3B /* Latest.swift */ = {isa = PBXFileReference; fileEncoding = 4; lastKnownFileType = sourcecode.swift; path = Latest.swift; sourceTree = "<group>"; };
		92892D201C9E489000BCD1A1 /* SearchRecipe.swift */ = {isa = PBXFileReference; fileEncoding = 4; lastKnownFileType = sourcecode.swift; path = SearchRecipe.swift; sourceTree = "<group>"; };
		92892D211C9E489000BCD1A1 /* MovieSearchRecipe.xml */ = {isa = PBXFileReference; fileEncoding = 4; lastKnownFileType = text.xml; path = MovieSearchRecipe.xml; sourceTree = "<group>"; };
		92925B2E1C9CA4E80086D362 /* Base */ = {isa = PBXFileReference; lastKnownFileType = file.storyboard; name = Base; path = Base.lproj/Main.storyboard; sourceTree = "<group>"; };
		92925B301C9CA5BC0086D362 /* ProgressViewController.swift */ = {isa = PBXFileReference; fileEncoding = 4; lastKnownFileType = sourcecode.swift; name = ProgressViewController.swift; path = "View Controllers/ProgressViewController.swift"; sourceTree = "<group>"; };
		92925B331C9CAB360086D362 /* PlayerViewController.swift */ = {isa = PBXFileReference; fileEncoding = 4; lastKnownFileType = sourcecode.swift; name = PlayerViewController.swift; path = "View Controllers/PlayerViewController.swift"; sourceTree = "<group>"; };
		92925B431C9E199B0086D362 /* DescriptionRecipe.swift */ = {isa = PBXFileReference; fileEncoding = 4; lastKnownFileType = sourcecode.swift; path = DescriptionRecipe.swift; sourceTree = "<group>"; };
		92925B441C9E199B0086D362 /* DescriptionRecipe.xml */ = {isa = PBXFileReference; fileEncoding = 4; lastKnownFileType = text.xml; path = DescriptionRecipe.xml; sourceTree = "<group>"; };
		929B445F1C9B73FE00805EC4 /* CatalogRecipe.swift */ = {isa = PBXFileReference; fileEncoding = 4; lastKnownFileType = sourcecode.swift; path = CatalogRecipe.swift; sourceTree = "<group>"; };
		929B44601C9B73FE00805EC4 /* CatalogRecipe.xml */ = {isa = PBXFileReference; fileEncoding = 4; lastKnownFileType = text.xml; path = CatalogRecipe.xml; sourceTree = "<group>"; };
		929B44611C9B73FE00805EC4 /* ProductRecipe.swift */ = {isa = PBXFileReference; fileEncoding = 4; lastKnownFileType = sourcecode.swift; path = ProductRecipe.swift; sourceTree = "<group>"; };
		929B44621C9B73FE00805EC4 /* ProductRecipe.xml */ = {isa = PBXFileReference; fileEncoding = 4; lastKnownFileType = text.xml; path = ProductRecipe.xml; sourceTree = "<group>"; };
		92DF99D01CA6FB0800D6944C /* Movie+Parallax.swift */ = {isa = PBXFileReference; fileEncoding = 4; lastKnownFileType = sourcecode.swift; name = "Movie+Parallax.swift"; path = "Extensions/Movie+Parallax.swift"; sourceTree = "<group>"; };
		C900A4508BB37D7070FA6888 /* Pods_PopcornTime.framework */ = {isa = PBXFileReference; explicitFileType = wrapper.framework; includeInIndex = 0; path = Pods_PopcornTime.framework; sourceTree = BUILT_PRODUCTS_DIR; };
		E31248A9DC45B7AEBE724E1D /* Pods-PopcornTime.release.xcconfig */ = {isa = PBXFileReference; includeInIndex = 1; lastKnownFileType = text.xcconfig; name = "Pods-PopcornTime.release.xcconfig"; path = "Pods/Target Support Files/Pods-PopcornTime/Pods-PopcornTime.release.xcconfig"; sourceTree = "<group>"; };
		F2F65676E59D10FCE8C9BE15 /* Pods-PopcornTime.debug.xcconfig */ = {isa = PBXFileReference; includeInIndex = 1; lastKnownFileType = text.xcconfig; name = "Pods-PopcornTime.debug.xcconfig"; path = "Pods/Target Support Files/Pods-PopcornTime/Pods-PopcornTime.debug.xcconfig"; sourceTree = "<group>"; };
/* End PBXFileReference section */

/* Begin PBXFrameworksBuildPhase section */
		287B85311C9873A200EEF5C8 /* Frameworks */ = {
			isa = PBXFrameworksBuildPhase;
			buildActionMask = 2147483647;
			files = (
				4D6953C8BDE957ED2E9EFD94 /* Pods_PopcornTime.framework in Frameworks */,
			);
			runOnlyForDeploymentPostprocessing = 0;
		};
/* End PBXFrameworksBuildPhase section */

/* Begin PBXGroup section */
		280910301C99DFA200C8EC1C /* Tabs */ = {
			isa = PBXGroup;
			children = (
				923860561CA0E40500A21F3B /* Latest.swift */,
				280910311C99DFDA00C8EC1C /* Popular.swift */,
				280910331C99E0E000C8EC1C /* Search.swift */,
			);
			name = Tabs;
			sourceTree = "<group>";
		};
		280910361C99E6B200C8EC1C /* Templates */ = {
			isa = PBXGroup;
			children = (
				280910371C99E6CA00C8EC1C /* Loading.xml */,
			);
			name = Templates;
			sourceTree = "<group>";
		};
		287B852B1C9873A200EEF5C8 = {
			isa = PBXGroup;
			children = (
				287B85361C9873A200EEF5C8 /* PopcornTime */,
				287B85351C9873A200EEF5C8 /* Products */,
				5F2FC6E89C601B1D29CD992F /* Pods */,
				F1EDDAB5F2E1772C41C22B7A /* Frameworks */,
			);
			sourceTree = "<group>";
		};
		287B85351C9873A200EEF5C8 /* Products */ = {
			isa = PBXGroup;
			children = (
				287B85341C9873A200EEF5C8 /* PopcornTime.app */,
			);
			name = Products;
			sourceTree = "<group>";
		};
		287B85361C9873A200EEF5C8 /* PopcornTime */ = {
			isa = PBXGroup;
			children = (
				28EB626A1CA3362B00985F78 /* Extensions */,
				287B85371C9873A200EEF5C8 /* AppDelegate.swift */,
				287B85461C98771300EEF5C8 /* ActionHandler.swift */,
				92925B321C9CA5BE0086D362 /* View Controllers */,
				280910361C99E6B200C8EC1C /* Templates */,
				280910301C99DFA200C8EC1C /* Tabs */,
				929B445E1C9B73FE00805EC4 /* Recipes */,
				287B85491C988AD600EEF5C8 /* Supporting FIles */,
			);
			path = PopcornTime;
			sourceTree = "<group>";
		};
		287B85491C988AD600EEF5C8 /* Supporting FIles */ = {
			isa = PBXGroup;
			children = (
				287B853E1C9873A200EEF5C8 /* Assets.xcassets */,
				287B85401C9873A200EEF5C8 /* Info.plist */,
				92925B2D1C9CA4E80086D362 /* Main.storyboard */,
			);
			name = "Supporting FIles";
			sourceTree = "<group>";
		};
		28EB626A1CA3362B00985F78 /* Extensions */ = {
			isa = PBXGroup;
			children = (
				92DF99D01CA6FB0800D6944C /* Movie+Parallax.swift */,
				28EB626B1CA3364300985F78 /* String+Cleaned.swift */,
			);
			name = Extensions;
			sourceTree = "<group>";
		};
		5F2FC6E89C601B1D29CD992F /* Pods */ = {
			isa = PBXGroup;
			children = (
				F2F65676E59D10FCE8C9BE15 /* Pods-PopcornTime.debug.xcconfig */,
				E31248A9DC45B7AEBE724E1D /* Pods-PopcornTime.release.xcconfig */,
			);
			name = Pods;
			sourceTree = "<group>";
		};
		92925B321C9CA5BE0086D362 /* View Controllers */ = {
			isa = PBXGroup;
			children = (
				92925B301C9CA5BC0086D362 /* ProgressViewController.swift */,
				92925B331C9CAB360086D362 /* PlayerViewController.swift */,
			);
			name = "View Controllers";
			sourceTree = "<group>";
		};
		929B445E1C9B73FE00805EC4 /* Recipes */ = {
			isa = PBXGroup;
			children = (
				929B445F1C9B73FE00805EC4 /* CatalogRecipe.swift */,
				929B44601C9B73FE00805EC4 /* CatalogRecipe.xml */,
				92925B431C9E199B0086D362 /* DescriptionRecipe.swift */,
				92925B441C9E199B0086D362 /* DescriptionRecipe.xml */,
				929B44611C9B73FE00805EC4 /* ProductRecipe.swift */,
				929B44621C9B73FE00805EC4 /* ProductRecipe.xml */,
				92892D201C9E489000BCD1A1 /* SearchRecipe.swift */,
				92892D211C9E489000BCD1A1 /* MovieSearchRecipe.xml */,
			);
			path = Recipes;
			sourceTree = "<group>";
		};
		F1EDDAB5F2E1772C41C22B7A /* Frameworks */ = {
			isa = PBXGroup;
			children = (
				C900A4508BB37D7070FA6888 /* Pods_PopcornTime.framework */,
			);
			name = Frameworks;
			sourceTree = "<group>";
		};
/* End PBXGroup section */

/* Begin PBXNativeTarget section */
		287B85331C9873A200EEF5C8 /* PopcornTime */ = {
			isa = PBXNativeTarget;
			buildConfigurationList = 287B85431C9873A200EEF5C8 /* Build configuration list for PBXNativeTarget "PopcornTime" */;
			buildPhases = (
				A0783997FAC27A13BB5CB365 /* 📦 Check Pods Manifest.lock */,
				287B85301C9873A200EEF5C8 /* Sources */,
				287B85311C9873A200EEF5C8 /* Frameworks */,
				287B85321C9873A200EEF5C8 /* Resources */,
				85B764B0AA36833E1E9526FC /* 📦 Embed Pods Frameworks */,
				1B4490875F574D4B15982419 /* 📦 Copy Pods Resources */,
			);
			buildRules = (
			);
			dependencies = (
			);
			name = PopcornTime;
			productName = PopcornTime;
			productReference = 287B85341C9873A200EEF5C8 /* PopcornTime.app */;
			productType = "com.apple.product-type.application";
		};
/* End PBXNativeTarget section */

/* Begin PBXProject section */
		287B852C1C9873A200EEF5C8 /* Project object */ = {
			isa = PBXProject;
			attributes = {
				LastSwiftUpdateCheck = 0720;
				LastUpgradeCheck = 0720;
				ORGANIZATIONNAME = PopcornTime;
				TargetAttributes = {
					287B85331C9873A200EEF5C8 = {
						CreatedOnToolsVersion = 7.2;
						DevelopmentTeam = HHS94TKB2U;
					};
				};
			};
			buildConfigurationList = 287B852F1C9873A200EEF5C8 /* Build configuration list for PBXProject "PopcornTime" */;
			compatibilityVersion = "Xcode 3.2";
			developmentRegion = English;
			hasScannedForEncodings = 0;
			knownRegions = (
				en,
				Base,
			);
			mainGroup = 287B852B1C9873A200EEF5C8;
			productRefGroup = 287B85351C9873A200EEF5C8 /* Products */;
			projectDirPath = "";
			projectRoot = "";
			targets = (
				287B85331C9873A200EEF5C8 /* PopcornTime */,
			);
		};
/* End PBXProject section */

/* Begin PBXResourcesBuildPhase section */
		287B85321C9873A200EEF5C8 /* Resources */ = {
			isa = PBXResourcesBuildPhase;
			buildActionMask = 2147483647;
			files = (
				92892D231C9E489000BCD1A1 /* MovieSearchRecipe.xml in Resources */,
				92925B461C9E199B0086D362 /* DescriptionRecipe.xml in Resources */,
				280910381C99E6CA00C8EC1C /* Loading.xml in Resources */,
				92925B2F1C9CA4E80086D362 /* Main.storyboard in Resources */,
				929B44661C9B73FE00805EC4 /* ProductRecipe.xml in Resources */,
				287B853F1C9873A200EEF5C8 /* Assets.xcassets in Resources */,
				929B44641C9B73FE00805EC4 /* CatalogRecipe.xml in Resources */,
			);
			runOnlyForDeploymentPostprocessing = 0;
		};
/* End PBXResourcesBuildPhase section */

/* Begin PBXShellScriptBuildPhase section */
		1B4490875F574D4B15982419 /* 📦 Copy Pods Resources */ = {
			isa = PBXShellScriptBuildPhase;
			buildActionMask = 2147483647;
			files = (
			);
			inputPaths = (
			);
			name = "📦 Copy Pods Resources";
			outputPaths = (
			);
			runOnlyForDeploymentPostprocessing = 0;
			shellPath = /bin/sh;
			shellScript = "\"${SRCROOT}/Pods/Target Support Files/Pods-PopcornTime/Pods-PopcornTime-resources.sh\"\n";
			showEnvVarsInLog = 0;
		};
		85B764B0AA36833E1E9526FC /* 📦 Embed Pods Frameworks */ = {
			isa = PBXShellScriptBuildPhase;
			buildActionMask = 2147483647;
			files = (
			);
			inputPaths = (
			);
			name = "📦 Embed Pods Frameworks";
			outputPaths = (
			);
			runOnlyForDeploymentPostprocessing = 0;
			shellPath = /bin/sh;
			shellScript = "\"${SRCROOT}/Pods/Target Support Files/Pods-PopcornTime/Pods-PopcornTime-frameworks.sh\"\n";
			showEnvVarsInLog = 0;
		};
		A0783997FAC27A13BB5CB365 /* 📦 Check Pods Manifest.lock */ = {
			isa = PBXShellScriptBuildPhase;
			buildActionMask = 2147483647;
			files = (
			);
			inputPaths = (
			);
			name = "📦 Check Pods Manifest.lock";
			outputPaths = (
			);
			runOnlyForDeploymentPostprocessing = 0;
			shellPath = /bin/sh;
			shellScript = "diff \"${PODS_ROOT}/../Podfile.lock\" \"${PODS_ROOT}/Manifest.lock\" > /dev/null\nif [[ $? != 0 ]] ; then\n    cat << EOM\nerror: The sandbox is not in sync with the Podfile.lock. Run 'pod install' or update your CocoaPods installation.\nEOM\n    exit 1\nfi\n";
			showEnvVarsInLog = 0;
		};
/* End PBXShellScriptBuildPhase section */

/* Begin PBXSourcesBuildPhase section */
		287B85301C9873A200EEF5C8 /* Sources */ = {
			isa = PBXSourcesBuildPhase;
			buildActionMask = 2147483647;
			files = (
				280910321C99DFDA00C8EC1C /* Popular.swift in Sources */,
				92892D221C9E489000BCD1A1 /* SearchRecipe.swift in Sources */,
				287B85471C98771300EEF5C8 /* ActionHandler.swift in Sources */,
				28EB626C1CA3364300985F78 /* String+Cleaned.swift in Sources */,
				929B44631C9B73FE00805EC4 /* CatalogRecipe.swift in Sources */,
				92925B311C9CA5BC0086D362 /* ProgressViewController.swift in Sources */,
				929B44651C9B73FE00805EC4 /* ProductRecipe.swift in Sources */,
				92925B451C9E199B0086D362 /* DescriptionRecipe.swift in Sources */,
				923860571CA0E40500A21F3B /* Latest.swift in Sources */,
				92DF99D11CA6FB0800D6944C /* Movie+Parallax.swift in Sources */,
				280910341C99E0E000C8EC1C /* Search.swift in Sources */,
				287B85381C9873A200EEF5C8 /* AppDelegate.swift in Sources */,
				92925B341C9CAB360086D362 /* PlayerViewController.swift in Sources */,
			);
			runOnlyForDeploymentPostprocessing = 0;
		};
/* End PBXSourcesBuildPhase section */

/* Begin PBXVariantGroup section */
		92925B2D1C9CA4E80086D362 /* Main.storyboard */ = {
			isa = PBXVariantGroup;
			children = (
				92925B2E1C9CA4E80086D362 /* Base */,
			);
			name = Main.storyboard;
			sourceTree = "<group>";
		};
/* End PBXVariantGroup section */

/* Begin XCBuildConfiguration section */
		287B85411C9873A200EEF5C8 /* Debug */ = {
			isa = XCBuildConfiguration;
			buildSettings = {
				ALWAYS_SEARCH_USER_PATHS = NO;
				CLANG_CXX_LANGUAGE_STANDARD = "gnu++0x";
				CLANG_CXX_LIBRARY = "libc++";
				CLANG_ENABLE_MODULES = YES;
				CLANG_ENABLE_OBJC_ARC = YES;
				CLANG_WARN_BOOL_CONVERSION = YES;
				CLANG_WARN_CONSTANT_CONVERSION = YES;
				CLANG_WARN_DIRECT_OBJC_ISA_USAGE = YES_ERROR;
				CLANG_WARN_EMPTY_BODY = YES;
				CLANG_WARN_ENUM_CONVERSION = YES;
				CLANG_WARN_INT_CONVERSION = YES;
				CLANG_WARN_OBJC_ROOT_CLASS = YES_ERROR;
				CLANG_WARN_UNREACHABLE_CODE = YES;
				CLANG_WARN__DUPLICATE_METHOD_MATCH = YES;
				COPY_PHASE_STRIP = NO;
				DEBUG_INFORMATION_FORMAT = dwarf;
				ENABLE_STRICT_OBJC_MSGSEND = YES;
				ENABLE_TESTABILITY = YES;
				GCC_C_LANGUAGE_STANDARD = gnu99;
				GCC_DYNAMIC_NO_PIC = NO;
				GCC_NO_COMMON_BLOCKS = YES;
				GCC_OPTIMIZATION_LEVEL = 0;
				GCC_PREPROCESSOR_DEFINITIONS = (
					"DEBUG=1",
					"$(inherited)",
				);
				GCC_WARN_64_TO_32_BIT_CONVERSION = YES;
				GCC_WARN_ABOUT_RETURN_TYPE = YES_ERROR;
				GCC_WARN_UNDECLARED_SELECTOR = YES;
				GCC_WARN_UNINITIALIZED_AUTOS = YES_AGGRESSIVE;
				GCC_WARN_UNUSED_FUNCTION = YES;
				GCC_WARN_UNUSED_VARIABLE = YES;
				MTL_ENABLE_DEBUG_INFO = YES;
				ONLY_ACTIVE_ARCH = YES;
				SDKROOT = appletvos;
				SWIFT_OPTIMIZATION_LEVEL = "-Onone";
				TARGETED_DEVICE_FAMILY = 3;
				TVOS_DEPLOYMENT_TARGET = 9.1;
			};
			name = Debug;
		};
		287B85421C9873A200EEF5C8 /* Release */ = {
			isa = XCBuildConfiguration;
			buildSettings = {
				ALWAYS_SEARCH_USER_PATHS = NO;
				CLANG_CXX_LANGUAGE_STANDARD = "gnu++0x";
				CLANG_CXX_LIBRARY = "libc++";
				CLANG_ENABLE_MODULES = YES;
				CLANG_ENABLE_OBJC_ARC = YES;
				CLANG_WARN_BOOL_CONVERSION = YES;
				CLANG_WARN_CONSTANT_CONVERSION = YES;
				CLANG_WARN_DIRECT_OBJC_ISA_USAGE = YES_ERROR;
				CLANG_WARN_EMPTY_BODY = YES;
				CLANG_WARN_ENUM_CONVERSION = YES;
				CLANG_WARN_INT_CONVERSION = YES;
				CLANG_WARN_OBJC_ROOT_CLASS = YES_ERROR;
				CLANG_WARN_UNREACHABLE_CODE = YES;
				CLANG_WARN__DUPLICATE_METHOD_MATCH = YES;
				COPY_PHASE_STRIP = NO;
				DEBUG_INFORMATION_FORMAT = "dwarf-with-dsym";
				ENABLE_NS_ASSERTIONS = NO;
				ENABLE_STRICT_OBJC_MSGSEND = YES;
				GCC_C_LANGUAGE_STANDARD = gnu99;
				GCC_NO_COMMON_BLOCKS = YES;
				GCC_WARN_64_TO_32_BIT_CONVERSION = YES;
				GCC_WARN_ABOUT_RETURN_TYPE = YES_ERROR;
				GCC_WARN_UNDECLARED_SELECTOR = YES;
				GCC_WARN_UNINITIALIZED_AUTOS = YES_AGGRESSIVE;
				GCC_WARN_UNUSED_FUNCTION = YES;
				GCC_WARN_UNUSED_VARIABLE = YES;
				MTL_ENABLE_DEBUG_INFO = NO;
				SDKROOT = appletvos;
				TARGETED_DEVICE_FAMILY = 3;
				TVOS_DEPLOYMENT_TARGET = 9.1;
				VALIDATE_PRODUCT = YES;
			};
			name = Release;
		};
		287B85441C9873A200EEF5C8 /* Debug */ = {
			isa = XCBuildConfiguration;
			baseConfigurationReference = F2F65676E59D10FCE8C9BE15 /* Pods-PopcornTime.debug.xcconfig */;
			buildSettings = {
				ASSETCATALOG_COMPILER_APPICON_NAME = "App Icon & Top Shelf Image";
				ASSETCATALOG_COMPILER_LAUNCHIMAGE_NAME = LaunchImage;
				CODE_SIGN_IDENTITY = "iPhone Developer";
				INFOPLIST_FILE = PopcornTime/Info.plist;
				LD_RUNPATH_SEARCH_PATHS = "$(inherited) @executable_path/Frameworks";
				PRODUCT_BUNDLE_IDENTIFIER = com.popcorntime.PopcornTime;
				PRODUCT_NAME = "$(TARGET_NAME)";
			};
			name = Debug;
		};
		287B85451C9873A200EEF5C8 /* Release */ = {
			isa = XCBuildConfiguration;
			baseConfigurationReference = E31248A9DC45B7AEBE724E1D /* Pods-PopcornTime.release.xcconfig */;
			buildSettings = {
				ASSETCATALOG_COMPILER_APPICON_NAME = "App Icon & Top Shelf Image";
				ASSETCATALOG_COMPILER_LAUNCHIMAGE_NAME = LaunchImage;
				CODE_SIGN_IDENTITY = "iPhone Developer";
				INFOPLIST_FILE = PopcornTime/Info.plist;
				LD_RUNPATH_SEARCH_PATHS = "$(inherited) @executable_path/Frameworks";
				PRODUCT_BUNDLE_IDENTIFIER = com.popcorntime.PopcornTime;
				PRODUCT_NAME = "$(TARGET_NAME)";
			};
			name = Release;
		};
/* End XCBuildConfiguration section */

/* Begin XCConfigurationList section */
		287B852F1C9873A200EEF5C8 /* Build configuration list for PBXProject "PopcornTime" */ = {
			isa = XCConfigurationList;
			buildConfigurations = (
				287B85411C9873A200EEF5C8 /* Debug */,
				287B85421C9873A200EEF5C8 /* Release */,
			);
			defaultConfigurationIsVisible = 0;
			defaultConfigurationName = Release;
		};
		287B85431C9873A200EEF5C8 /* Build configuration list for PBXNativeTarget "PopcornTime" */ = {
			isa = XCConfigurationList;
			buildConfigurations = (
				287B85441C9873A200EEF5C8 /* Debug */,
				287B85451C9873A200EEF5C8 /* Release */,
			);
			defaultConfigurationIsVisible = 0;
			defaultConfigurationName = Release;
		};
/* End XCConfigurationList section */
	};
	rootObject = 287B852C1C9873A200EEF5C8 /* Project object */;
}
