<?xml version="1.0" encoding="UTF-8"?>
<!DOCTYPE plist PUBLIC "-//Apple//DTD PLIST 1.0//EN" "http://www.apple.com/DTDs/PropertyList-1.0.dtd">
<plist version="1.0">
<dict>
	<key>archiveVersion</key>
	<string>1</string>
	<key>classes</key>
	<dict/>
	<key>objectVersion</key>
	<string>46</string>
	<key>objects</key>
	<dict>
		<key>1B4490875F574D4B15982419</key>
		<dict>
			<key>buildActionMask</key>
			<string>2147483647</string>
			<key>files</key>
			<array/>
			<key>inputPaths</key>
			<array/>
			<key>isa</key>
			<string>PBXShellScriptBuildPhase</string>
			<key>name</key>
			<string>&#128230; Copy Pods Resources</string>
			<key>outputPaths</key>
			<array/>
			<key>runOnlyForDeploymentPostprocessing</key>
			<string>0</string>
			<key>shellPath</key>
			<string>/bin/sh</string>
			<key>shellScript</key>
			<string>"${SRCROOT}/Pods/Target Support Files/Pods-PopcornTime/Pods-PopcornTime-resources.sh"
</string>
			<key>showEnvVarsInLog</key>
			<string>0</string>
		</dict>
		<key>280910301C99DFA200C8EC1C</key>
		<dict>
			<key>children</key>
			<array>
				<string>923860561CA0E40500A21F3B</string>
				<string>280910311C99DFDA00C8EC1C</string>
				<string>280910331C99E0E000C8EC1C</string>
			</array>
			<key>isa</key>
			<string>PBXGroup</string>
			<key>name</key>
			<string>Tabs</string>
			<key>sourceTree</key>
			<string>&lt;group&gt;</string>
		</dict>
		<key>280910311C99DFDA00C8EC1C</key>
		<dict>
			<key>fileEncoding</key>
			<string>4</string>
			<key>isa</key>
			<string>PBXFileReference</string>
			<key>lastKnownFileType</key>
			<string>sourcecode.swift</string>
			<key>path</key>
			<string>Popular.swift</string>
			<key>sourceTree</key>
			<string>&lt;group&gt;</string>
		</dict>
		<key>280910321C99DFDA00C8EC1C</key>
		<dict>
			<key>fileRef</key>
			<string>280910311C99DFDA00C8EC1C</string>
			<key>isa</key>
			<string>PBXBuildFile</string>
		</dict>
		<key>280910331C99E0E000C8EC1C</key>
		<dict>
			<key>fileEncoding</key>
			<string>4</string>
			<key>isa</key>
			<string>PBXFileReference</string>
			<key>lastKnownFileType</key>
			<string>sourcecode.swift</string>
			<key>path</key>
			<string>Search.swift</string>
			<key>sourceTree</key>
			<string>&lt;group&gt;</string>
		</dict>
		<key>280910341C99E0E000C8EC1C</key>
		<dict>
			<key>fileRef</key>
			<string>280910331C99E0E000C8EC1C</string>
			<key>isa</key>
			<string>PBXBuildFile</string>
		</dict>
		<key>280910361C99E6B200C8EC1C</key>
		<dict>
			<key>children</key>
			<array>
				<string>280910371C99E6CA00C8EC1C</string>
			</array>
			<key>isa</key>
			<string>PBXGroup</string>
			<key>name</key>
			<string>Templates</string>
			<key>sourceTree</key>
			<string>&lt;group&gt;</string>
		</dict>
		<key>280910371C99E6CA00C8EC1C</key>
		<dict>
			<key>fileEncoding</key>
			<string>4</string>
			<key>isa</key>
			<string>PBXFileReference</string>
			<key>lastKnownFileType</key>
			<string>text.xml</string>
			<key>path</key>
			<string>Loading.xml</string>
			<key>sourceTree</key>
			<string>&lt;group&gt;</string>
		</dict>
		<key>280910381C99E6CA00C8EC1C</key>
		<dict>
			<key>fileRef</key>
			<string>280910371C99E6CA00C8EC1C</string>
			<key>isa</key>
			<string>PBXBuildFile</string>
		</dict>
		<key>287B852B1C9873A200EEF5C8</key>
		<dict>
			<key>children</key>
			<array>
				<string>287B85361C9873A200EEF5C8</string>
				<string>287B85351C9873A200EEF5C8</string>
				<string>5F2FC6E89C601B1D29CD992F</string>
				<string>F1EDDAB5F2E1772C41C22B7A</string>
			</array>
			<key>isa</key>
			<string>PBXGroup</string>
			<key>sourceTree</key>
			<string>&lt;group&gt;</string>
		</dict>
		<key>287B852C1C9873A200EEF5C8</key>
		<dict>
			<key>attributes</key>
			<dict>
				<key>LastSwiftUpdateCheck</key>
				<string>0720</string>
				<key>LastUpgradeCheck</key>
				<string>0720</string>
				<key>ORGANIZATIONNAME</key>
				<string>PopcornTime</string>
				<key>TargetAttributes</key>
				<dict>
					<key>287B85331C9873A200EEF5C8</key>
					<dict>
						<key>CreatedOnToolsVersion</key>
						<string>7.2</string>
						<key>DevelopmentTeam</key>
						<string>HHS94TKB2U</string>
					</dict>
				</dict>
			</dict>
			<key>buildConfigurationList</key>
			<string>287B852F1C9873A200EEF5C8</string>
			<key>compatibilityVersion</key>
			<string>Xcode 3.2</string>
			<key>developmentRegion</key>
			<string>English</string>
			<key>hasScannedForEncodings</key>
			<string>0</string>
			<key>isa</key>
			<string>PBXProject</string>
			<key>knownRegions</key>
			<array>
				<string>en</string>
				<string>Base</string>
			</array>
			<key>mainGroup</key>
			<string>287B852B1C9873A200EEF5C8</string>
			<key>productRefGroup</key>
			<string>287B85351C9873A200EEF5C8</string>
			<key>projectDirPath</key>
			<string></string>
			<key>projectReferences</key>
			<array/>
			<key>projectRoot</key>
			<string></string>
			<key>targets</key>
			<array>
				<string>287B85331C9873A200EEF5C8</string>
			</array>
		</dict>
		<key>287B852F1C9873A200EEF5C8</key>
		<dict>
			<key>buildConfigurations</key>
			<array>
				<string>287B85411C9873A200EEF5C8</string>
				<string>287B85421C9873A200EEF5C8</string>
			</array>
			<key>defaultConfigurationIsVisible</key>
			<string>0</string>
			<key>defaultConfigurationName</key>
			<string>Release</string>
			<key>isa</key>
			<string>XCConfigurationList</string>
		</dict>
		<key>287B85301C9873A200EEF5C8</key>
		<dict>
			<key>buildActionMask</key>
			<string>2147483647</string>
			<key>files</key>
			<array>
				<string>280910321C99DFDA00C8EC1C</string>
				<string>92892D221C9E489000BCD1A1</string>
				<string>287B85471C98771300EEF5C8</string>
				<string>28EB626C1CA3364300985F78</string>
				<string>929B44631C9B73FE00805EC4</string>
				<string>92925B311C9CA5BC0086D362</string>
				<string>929B44651C9B73FE00805EC4</string>
				<string>92925B451C9E199B0086D362</string>
				<string>923860571CA0E40500A21F3B</string>
				<string>92DF99D11CA6FB0800D6944C</string>
				<string>280910341C99E0E000C8EC1C</string>
				<string>925F8D921CA74364007100EB</string>
				<string>287B85381C9873A200EEF5C8</string>
				<string>92925B341C9CAB360086D362</string>
			</array>
			<key>isa</key>
			<string>PBXSourcesBuildPhase</string>
			<key>runOnlyForDeploymentPostprocessing</key>
			<string>0</string>
		</dict>
		<key>287B85311C9873A200EEF5C8</key>
		<dict>
			<key>buildActionMask</key>
			<string>2147483647</string>
			<key>files</key>
			<array>
				<string>4D6953C8BDE957ED2E9EFD94</string>
			</array>
			<key>isa</key>
			<string>PBXFrameworksBuildPhase</string>
			<key>runOnlyForDeploymentPostprocessing</key>
			<string>0</string>
		</dict>
		<key>287B85321C9873A200EEF5C8</key>
		<dict>
			<key>buildActionMask</key>
			<string>2147483647</string>
			<key>files</key>
			<array>
				<string>92892D231C9E489000BCD1A1</string>
				<string>92925B461C9E199B0086D362</string>
				<string>280910381C99E6CA00C8EC1C</string>
				<string>92925B2F1C9CA4E80086D362</string>
				<string>929B44661C9B73FE00805EC4</string>
				<string>287B853F1C9873A200EEF5C8</string>
				<string>929B44641C9B73FE00805EC4</string>
			</array>
			<key>isa</key>
			<string>PBXResourcesBuildPhase</string>
			<key>runOnlyForDeploymentPostprocessing</key>
			<string>0</string>
		</dict>
		<key>287B85331C9873A200EEF5C8</key>
		<dict>
			<key>buildConfigurationList</key>
			<string>287B85431C9873A200EEF5C8</string>
			<key>buildPhases</key>
			<array>
				<string>2B9B07C171F1DF2CADF47653</string>
				<string>A0783997FAC27A13BB5CB365</string>
				<string>287B85301C9873A200EEF5C8</string>
				<string>287B85311C9873A200EEF5C8</string>
				<string>287B85321C9873A200EEF5C8</string>
				<string>85B764B0AA36833E1E9526FC</string>
				<string>1B4490875F574D4B15982419</string>
				<string>F032FB5E6318063D39F4ABAD</string>
				<string>756954D22585A325B21877F5</string>
			</array>
			<key>buildRules</key>
			<array/>
			<key>dependencies</key>
			<array/>
			<key>isa</key>
			<string>PBXNativeTarget</string>
			<key>name</key>
			<string>PopcornTime</string>
			<key>productName</key>
			<string>PopcornTime</string>
			<key>productReference</key>
			<string>287B85341C9873A200EEF5C8</string>
			<key>productType</key>
			<string>com.apple.product-type.application</string>
		</dict>
		<key>287B85341C9873A200EEF5C8</key>
		<dict>
			<key>explicitFileType</key>
			<string>wrapper.application</string>
			<key>includeInIndex</key>
			<string>0</string>
			<key>isa</key>
			<string>PBXFileReference</string>
			<key>path</key>
			<string>PopcornTime.app</string>
			<key>sourceTree</key>
			<string>BUILT_PRODUCTS_DIR</string>
		</dict>
		<key>287B85351C9873A200EEF5C8</key>
		<dict>
			<key>children</key>
			<array>
				<string>287B85341C9873A200EEF5C8</string>
			</array>
			<key>isa</key>
			<string>PBXGroup</string>
			<key>name</key>
			<string>Products</string>
			<key>sourceTree</key>
			<string>&lt;group&gt;</string>
		</dict>
		<key>287B85361C9873A200EEF5C8</key>
		<dict>
			<key>children</key>
			<array>
				<string>28EB626A1CA3362B00985F78</string>
				<string>287B85371C9873A200EEF5C8</string>
				<string>287B85461C98771300EEF5C8</string>
				<string>92925B321C9CA5BE0086D362</string>
				<string>280910361C99E6B200C8EC1C</string>
				<string>280910301C99DFA200C8EC1C</string>
				<string>929B445E1C9B73FE00805EC4</string>
				<string>925F8D901CA74359007100EB</string>
				<string>287B85491C988AD600EEF5C8</string>
			</array>
			<key>isa</key>
			<string>PBXGroup</string>
			<key>path</key>
			<string>PopcornTime</string>
			<key>sourceTree</key>
			<string>&lt;group&gt;</string>
		</dict>
		<key>287B85371C9873A200EEF5C8</key>
		<dict>
			<key>isa</key>
			<string>PBXFileReference</string>
			<key>lastKnownFileType</key>
			<string>sourcecode.swift</string>
			<key>path</key>
			<string>AppDelegate.swift</string>
			<key>sourceTree</key>
			<string>&lt;group&gt;</string>
		</dict>
		<key>287B85381C9873A200EEF5C8</key>
		<dict>
			<key>fileRef</key>
			<string>287B85371C9873A200EEF5C8</string>
			<key>isa</key>
			<string>PBXBuildFile</string>
		</dict>
		<key>287B853E1C9873A200EEF5C8</key>
		<dict>
			<key>isa</key>
			<string>PBXFileReference</string>
			<key>lastKnownFileType</key>
			<string>folder.assetcatalog</string>
			<key>path</key>
			<string>Assets.xcassets</string>
			<key>sourceTree</key>
			<string>&lt;group&gt;</string>
		</dict>
		<key>287B853F1C9873A200EEF5C8</key>
		<dict>
			<key>fileRef</key>
			<string>287B853E1C9873A200EEF5C8</string>
			<key>isa</key>
			<string>PBXBuildFile</string>
		</dict>
		<key>287B85401C9873A200EEF5C8</key>
		<dict>
			<key>isa</key>
			<string>PBXFileReference</string>
			<key>lastKnownFileType</key>
			<string>text.plist.xml</string>
			<key>path</key>
			<string>Info.plist</string>
			<key>sourceTree</key>
			<string>&lt;group&gt;</string>
		</dict>
		<key>287B85411C9873A200EEF5C8</key>
		<dict>
			<key>buildSettings</key>
			<dict>
				<key>ALWAYS_SEARCH_USER_PATHS</key>
				<string>NO</string>
				<key>CLANG_CXX_LANGUAGE_STANDARD</key>
				<string>gnu++0x</string>
				<key>CLANG_CXX_LIBRARY</key>
				<string>libc++</string>
				<key>CLANG_ENABLE_MODULES</key>
				<string>YES</string>
				<key>CLANG_ENABLE_OBJC_ARC</key>
				<string>YES</string>
				<key>CLANG_WARN_BOOL_CONVERSION</key>
				<string>YES</string>
				<key>CLANG_WARN_CONSTANT_CONVERSION</key>
				<string>YES</string>
				<key>CLANG_WARN_DIRECT_OBJC_ISA_USAGE</key>
				<string>YES_ERROR</string>
				<key>CLANG_WARN_EMPTY_BODY</key>
				<string>YES</string>
				<key>CLANG_WARN_ENUM_CONVERSION</key>
				<string>YES</string>
				<key>CLANG_WARN_INT_CONVERSION</key>
				<string>YES</string>
				<key>CLANG_WARN_OBJC_ROOT_CLASS</key>
				<string>YES_ERROR</string>
				<key>CLANG_WARN_UNREACHABLE_CODE</key>
				<string>YES</string>
				<key>CLANG_WARN__DUPLICATE_METHOD_MATCH</key>
				<string>YES</string>
				<key>COPY_PHASE_STRIP</key>
				<string>NO</string>
				<key>DEBUG_INFORMATION_FORMAT</key>
				<string>dwarf</string>
				<key>ENABLE_STRICT_OBJC_MSGSEND</key>
				<string>YES</string>
				<key>ENABLE_TESTABILITY</key>
				<string>YES</string>
				<key>GCC_C_LANGUAGE_STANDARD</key>
				<string>gnu99</string>
				<key>GCC_DYNAMIC_NO_PIC</key>
				<string>NO</string>
				<key>GCC_NO_COMMON_BLOCKS</key>
				<string>YES</string>
				<key>GCC_OPTIMIZATION_LEVEL</key>
				<string>0</string>
				<key>GCC_PREPROCESSOR_DEFINITIONS</key>
				<array>
					<string>DEBUG=1</string>
					<string>$(inherited)</string>
				</array>
				<key>GCC_WARN_64_TO_32_BIT_CONVERSION</key>
				<string>YES</string>
				<key>GCC_WARN_ABOUT_RETURN_TYPE</key>
				<string>YES_ERROR</string>
				<key>GCC_WARN_UNDECLARED_SELECTOR</key>
				<string>YES</string>
				<key>GCC_WARN_UNINITIALIZED_AUTOS</key>
				<string>YES_AGGRESSIVE</string>
				<key>GCC_WARN_UNUSED_FUNCTION</key>
				<string>YES</string>
				<key>GCC_WARN_UNUSED_VARIABLE</key>
				<string>YES</string>
				<key>MTL_ENABLE_DEBUG_INFO</key>
				<string>YES</string>
				<key>ONLY_ACTIVE_ARCH</key>
				<string>YES</string>
				<key>SDKROOT</key>
				<string>appletvos</string>
				<key>SWIFT_OPTIMIZATION_LEVEL</key>
				<string>-Onone</string>
				<key>TARGETED_DEVICE_FAMILY</key>
				<string>3</string>
				<key>TVOS_DEPLOYMENT_TARGET</key>
				<string>9.1</string>
			</dict>
			<key>isa</key>
			<string>XCBuildConfiguration</string>
			<key>name</key>
			<string>Debug</string>
		</dict>
		<key>287B85421C9873A200EEF5C8</key>
		<dict>
			<key>buildSettings</key>
			<dict>
				<key>ALWAYS_SEARCH_USER_PATHS</key>
				<string>NO</string>
				<key>CLANG_CXX_LANGUAGE_STANDARD</key>
				<string>gnu++0x</string>
				<key>CLANG_CXX_LIBRARY</key>
				<string>libc++</string>
				<key>CLANG_ENABLE_MODULES</key>
				<string>YES</string>
				<key>CLANG_ENABLE_OBJC_ARC</key>
				<string>YES</string>
				<key>CLANG_WARN_BOOL_CONVERSION</key>
				<string>YES</string>
				<key>CLANG_WARN_CONSTANT_CONVERSION</key>
				<string>YES</string>
				<key>CLANG_WARN_DIRECT_OBJC_ISA_USAGE</key>
				<string>YES_ERROR</string>
				<key>CLANG_WARN_EMPTY_BODY</key>
				<string>YES</string>
				<key>CLANG_WARN_ENUM_CONVERSION</key>
				<string>YES</string>
				<key>CLANG_WARN_INT_CONVERSION</key>
				<string>YES</string>
				<key>CLANG_WARN_OBJC_ROOT_CLASS</key>
				<string>YES_ERROR</string>
				<key>CLANG_WARN_UNREACHABLE_CODE</key>
				<string>YES</string>
				<key>CLANG_WARN__DUPLICATE_METHOD_MATCH</key>
				<string>YES</string>
				<key>COPY_PHASE_STRIP</key>
				<string>NO</string>
				<key>DEBUG_INFORMATION_FORMAT</key>
				<string>dwarf-with-dsym</string>
				<key>ENABLE_NS_ASSERTIONS</key>
				<string>NO</string>
				<key>ENABLE_STRICT_OBJC_MSGSEND</key>
				<string>YES</string>
				<key>GCC_C_LANGUAGE_STANDARD</key>
				<string>gnu99</string>
				<key>GCC_NO_COMMON_BLOCKS</key>
				<string>YES</string>
				<key>GCC_WARN_64_TO_32_BIT_CONVERSION</key>
				<string>YES</string>
				<key>GCC_WARN_ABOUT_RETURN_TYPE</key>
				<string>YES_ERROR</string>
				<key>GCC_WARN_UNDECLARED_SELECTOR</key>
				<string>YES</string>
				<key>GCC_WARN_UNINITIALIZED_AUTOS</key>
				<string>YES_AGGRESSIVE</string>
				<key>GCC_WARN_UNUSED_FUNCTION</key>
				<string>YES</string>
				<key>GCC_WARN_UNUSED_VARIABLE</key>
				<string>YES</string>
				<key>MTL_ENABLE_DEBUG_INFO</key>
				<string>NO</string>
				<key>SDKROOT</key>
				<string>appletvos</string>
				<key>TARGETED_DEVICE_FAMILY</key>
				<string>3</string>
				<key>TVOS_DEPLOYMENT_TARGET</key>
				<string>9.1</string>
				<key>VALIDATE_PRODUCT</key>
				<string>YES</string>
			</dict>
			<key>isa</key>
			<string>XCBuildConfiguration</string>
			<key>name</key>
			<string>Release</string>
		</dict>
		<key>287B85431C9873A200EEF5C8</key>
		<dict>
			<key>buildConfigurations</key>
			<array>
				<string>287B85441C9873A200EEF5C8</string>
				<string>287B85451C9873A200EEF5C8</string>
			</array>
			<key>defaultConfigurationIsVisible</key>
			<string>0</string>
			<key>defaultConfigurationName</key>
			<string>Release</string>
			<key>isa</key>
			<string>XCConfigurationList</string>
		</dict>
		<key>287B85441C9873A200EEF5C8</key>
		<dict>
			<key>baseConfigurationReference</key>
			<string>F2F65676E59D10FCE8C9BE15</string>
			<key>buildSettings</key>
			<dict>
				<key>ASSETCATALOG_COMPILER_APPICON_NAME</key>
				<string>App Icon &amp; Top Shelf Image</string>
				<key>ASSETCATALOG_COMPILER_LAUNCHIMAGE_NAME</key>
				<string>LaunchImage</string>
				<key>CODE_SIGN_IDENTITY</key>
				<string>iPhone Developer</string>
				<key>FRAMEWORK_SEARCH_PATHS</key>
				<array>
					<string>$(inherited)</string>
					<string>$(PROJECT_DIR)/PopcornTime/Frameworks</string>
				</array>
				<key>INFOPLIST_FILE</key>
				<string>PopcornTime/Info.plist</string>
				<key>LD_RUNPATH_SEARCH_PATHS</key>
				<string>$(inherited) @executable_path/Frameworks</string>
				<key>PRODUCT_BUNDLE_IDENTIFIER</key>
				<string>com.popcorntime.PopcornTime</string>
				<key>PRODUCT_NAME</key>
				<string>$(TARGET_NAME)</string>
			</dict>
			<key>isa</key>
			<string>XCBuildConfiguration</string>
			<key>name</key>
			<string>Debug</string>
		</dict>
		<key>287B85451C9873A200EEF5C8</key>
		<dict>
			<key>baseConfigurationReference</key>
			<string>E31248A9DC45B7AEBE724E1D</string>
			<key>buildSettings</key>
			<dict>
				<key>ASSETCATALOG_COMPILER_APPICON_NAME</key>
				<string>App Icon &amp; Top Shelf Image</string>
				<key>ASSETCATALOG_COMPILER_LAUNCHIMAGE_NAME</key>
				<string>LaunchImage</string>
				<key>CODE_SIGN_IDENTITY</key>
				<string>iPhone Developer</string>
				<key>FRAMEWORK_SEARCH_PATHS</key>
				<array>
					<string>$(inherited)</string>
					<string>$(PROJECT_DIR)/PopcornTime/Frameworks</string>
				</array>
				<key>INFOPLIST_FILE</key>
				<string>PopcornTime/Info.plist</string>
				<key>LD_RUNPATH_SEARCH_PATHS</key>
				<string>$(inherited) @executable_path/Frameworks</string>
				<key>PRODUCT_BUNDLE_IDENTIFIER</key>
				<string>com.popcorntime.PopcornTime</string>
				<key>PRODUCT_NAME</key>
				<string>$(TARGET_NAME)</string>
			</dict>
			<key>isa</key>
			<string>XCBuildConfiguration</string>
			<key>name</key>
			<string>Release</string>
		</dict>
		<key>287B85461C98771300EEF5C8</key>
		<dict>
			<key>fileEncoding</key>
			<string>4</string>
			<key>isa</key>
			<string>PBXFileReference</string>
			<key>lastKnownFileType</key>
			<string>sourcecode.swift</string>
			<key>path</key>
			<string>ActionHandler.swift</string>
			<key>sourceTree</key>
			<string>&lt;group&gt;</string>
		</dict>
		<key>287B85471C98771300EEF5C8</key>
		<dict>
			<key>fileRef</key>
			<string>287B85461C98771300EEF5C8</string>
			<key>isa</key>
			<string>PBXBuildFile</string>
		</dict>
		<key>287B85491C988AD600EEF5C8</key>
		<dict>
			<key>children</key>
			<array>
				<string>287B853E1C9873A200EEF5C8</string>
				<string>287B85401C9873A200EEF5C8</string>
				<string>92925B2D1C9CA4E80086D362</string>
			</array>
			<key>isa</key>
			<string>PBXGroup</string>
			<key>name</key>
			<string>Supporting FIles</string>
			<key>sourceTree</key>
			<string>&lt;group&gt;</string>
		</dict>
		<key>28EB626A1CA3362B00985F78</key>
		<dict>
			<key>children</key>
			<array>
				<string>92DF99D01CA6FB0800D6944C</string>
				<string>28EB626B1CA3364300985F78</string>
			</array>
			<key>isa</key>
			<string>PBXGroup</string>
			<key>name</key>
			<string>Extensions</string>
			<key>sourceTree</key>
			<string>&lt;group&gt;</string>
		</dict>
		<key>28EB626B1CA3364300985F78</key>
		<dict>
			<key>fileEncoding</key>
			<string>4</string>
			<key>isa</key>
			<string>PBXFileReference</string>
			<key>lastKnownFileType</key>
			<string>sourcecode.swift</string>
			<key>name</key>
			<string>String+Cleaned.swift</string>
			<key>path</key>
			<string>Extensions/String+Cleaned.swift</string>
			<key>sourceTree</key>
			<string>&lt;group&gt;</string>
		</dict>
		<key>28EB626C1CA3364300985F78</key>
		<dict>
			<key>fileRef</key>
			<string>28EB626B1CA3364300985F78</string>
			<key>isa</key>
			<string>PBXBuildFile</string>
		</dict>
		<key>2B9B07C171F1DF2CADF47653</key>
		<dict>
			<key>buildActionMask</key>
			<string>2147483647</string>
			<key>files</key>
			<array/>
			<key>inputPaths</key>
			<array/>
			<key>isa</key>
			<string>PBXShellScriptBuildPhase</string>
			<key>name</key>
			<string>Check Pods Manifest.lock</string>
			<key>outputPaths</key>
			<array/>
			<key>runOnlyForDeploymentPostprocessing</key>
			<string>0</string>
			<key>shellPath</key>
			<string>/bin/sh</string>
			<key>shellScript</key>
			<string>diff "${PODS_ROOT}/../Podfile.lock" "${PODS_ROOT}/Manifest.lock" &gt; /dev/null
if [[ $? != 0 ]] ; then
    cat &lt;&lt; EOM
error: The sandbox is not in sync with the Podfile.lock. Run 'pod install' or update your CocoaPods installation.
EOM
    exit 1
fi
</string>
			<key>showEnvVarsInLog</key>
			<string>0</string>
		</dict>
		<key>4D6953C8BDE957ED2E9EFD94</key>
		<dict>
			<key>fileRef</key>
			<string>C900A4508BB37D7070FA6888</string>
			<key>isa</key>
			<string>PBXBuildFile</string>
		</dict>
		<key>5F2FC6E89C601B1D29CD992F</key>
		<dict>
			<key>children</key>
			<array>
				<string>F2F65676E59D10FCE8C9BE15</string>
				<string>E31248A9DC45B7AEBE724E1D</string>
			</array>
			<key>isa</key>
			<string>PBXGroup</string>
			<key>name</key>
			<string>Pods</string>
			<key>sourceTree</key>
			<string>&lt;group&gt;</string>
		</dict>
		<key>756954D22585A325B21877F5</key>
		<dict>
			<key>buildActionMask</key>
			<string>2147483647</string>
			<key>files</key>
			<array/>
			<key>inputPaths</key>
			<array/>
			<key>isa</key>
			<string>PBXShellScriptBuildPhase</string>
			<key>name</key>
			<string>Copy Pods Resources</string>
			<key>outputPaths</key>
			<array/>
			<key>runOnlyForDeploymentPostprocessing</key>
			<string>0</string>
			<key>shellPath</key>
			<string>/bin/sh</string>
			<key>shellScript</key>
			<string>"${SRCROOT}/Pods/Target Support Files/Pods-PopcornTime/Pods-PopcornTime-resources.sh"
</string>
			<key>showEnvVarsInLog</key>
			<string>0</string>
		</dict>
		<key>85B764B0AA36833E1E9526FC</key>
		<dict>
			<key>buildActionMask</key>
			<string>2147483647</string>
			<key>files</key>
			<array/>
			<key>inputPaths</key>
			<array/>
			<key>isa</key>
			<string>PBXShellScriptBuildPhase</string>
			<key>name</key>
			<string>&#128230; Embed Pods Frameworks</string>
			<key>outputPaths</key>
			<array/>
			<key>runOnlyForDeploymentPostprocessing</key>
			<string>0</string>
			<key>shellPath</key>
			<string>/bin/sh</string>
			<key>shellScript</key>
			<string>"${SRCROOT}/Pods/Target Support Files/Pods-PopcornTime/Pods-PopcornTime-frameworks.sh"
</string>
			<key>showEnvVarsInLog</key>
			<string>0</string>
		</dict>
		<key>923860561CA0E40500A21F3B</key>
		<dict>
			<key>fileEncoding</key>
			<string>4</string>
			<key>isa</key>
			<string>PBXFileReference</string>
			<key>lastKnownFileType</key>
			<string>sourcecode.swift</string>
			<key>path</key>
			<string>Latest.swift</string>
			<key>sourceTree</key>
			<string>&lt;group&gt;</string>
		</dict>
		<key>923860571CA0E40500A21F3B</key>
		<dict>
			<key>fileRef</key>
			<string>923860561CA0E40500A21F3B</string>
			<key>isa</key>
			<string>PBXBuildFile</string>
		</dict>
		<key>925F8D901CA74359007100EB</key>
		<dict>
			<key>children</key>
			<array>
				<string>925F8D911CA74364007100EB</string>
			</array>
			<key>isa</key>
			<string>PBXGroup</string>
			<key>path</key>
			<string>Managers</string>
			<key>sourceTree</key>
			<string>&lt;group&gt;</string>
		</dict>
		<key>925F8D911CA74364007100EB</key>
		<dict>
			<key>fileEncoding</key>
			<string>4</string>
			<key>isa</key>
			<string>PBXFileReference</string>
			<key>lastKnownFileType</key>
			<string>sourcecode.swift</string>
			<key>path</key>
			<string>WatchlistManager.swift</string>
			<key>sourceTree</key>
			<string>&lt;group&gt;</string>
		</dict>
		<key>925F8D921CA74364007100EB</key>
		<dict>
			<key>fileRef</key>
			<string>925F8D911CA74364007100EB</string>
			<key>isa</key>
			<string>PBXBuildFile</string>
		</dict>
		<key>92892D201C9E489000BCD1A1</key>
		<dict>
			<key>fileEncoding</key>
			<string>4</string>
			<key>isa</key>
			<string>PBXFileReference</string>
			<key>lastKnownFileType</key>
			<string>sourcecode.swift</string>
			<key>path</key>
			<string>SearchRecipe.swift</string>
			<key>sourceTree</key>
			<string>&lt;group&gt;</string>
		</dict>
		<key>92892D211C9E489000BCD1A1</key>
		<dict>
			<key>fileEncoding</key>
			<string>4</string>
			<key>isa</key>
			<string>PBXFileReference</string>
			<key>lastKnownFileType</key>
			<string>text.xml</string>
			<key>path</key>
			<string>MovieSearchRecipe.xml</string>
			<key>sourceTree</key>
			<string>&lt;group&gt;</string>
		</dict>
		<key>92892D221C9E489000BCD1A1</key>
		<dict>
			<key>fileRef</key>
			<string>92892D201C9E489000BCD1A1</string>
			<key>isa</key>
			<string>PBXBuildFile</string>
		</dict>
		<key>92892D231C9E489000BCD1A1</key>
		<dict>
			<key>fileRef</key>
			<string>92892D211C9E489000BCD1A1</string>
			<key>isa</key>
			<string>PBXBuildFile</string>
		</dict>
		<key>92925B2D1C9CA4E80086D362</key>
		<dict>
			<key>children</key>
			<array>
				<string>92925B2E1C9CA4E80086D362</string>
			</array>
			<key>isa</key>
			<string>PBXVariantGroup</string>
			<key>name</key>
			<string>Main.storyboard</string>
			<key>sourceTree</key>
			<string>&lt;group&gt;</string>
		</dict>
		<key>92925B2E1C9CA4E80086D362</key>
		<dict>
			<key>isa</key>
			<string>PBXFileReference</string>
			<key>lastKnownFileType</key>
			<string>file.storyboard</string>
			<key>name</key>
			<string>Base</string>
			<key>path</key>
			<string>Base.lproj/Main.storyboard</string>
			<key>sourceTree</key>
			<string>&lt;group&gt;</string>
		</dict>
		<key>92925B2F1C9CA4E80086D362</key>
		<dict>
			<key>fileRef</key>
			<string>92925B2D1C9CA4E80086D362</string>
			<key>isa</key>
			<string>PBXBuildFile</string>
		</dict>
		<key>92925B301C9CA5BC0086D362</key>
		<dict>
			<key>fileEncoding</key>
			<string>4</string>
			<key>isa</key>
			<string>PBXFileReference</string>
			<key>lastKnownFileType</key>
			<string>sourcecode.swift</string>
			<key>name</key>
			<string>ProgressViewController.swift</string>
			<key>path</key>
			<string>View Controllers/ProgressViewController.swift</string>
			<key>sourceTree</key>
			<string>&lt;group&gt;</string>
		</dict>
		<key>92925B311C9CA5BC0086D362</key>
		<dict>
			<key>fileRef</key>
			<string>92925B301C9CA5BC0086D362</string>
			<key>isa</key>
			<string>PBXBuildFile</string>
		</dict>
		<key>92925B321C9CA5BE0086D362</key>
		<dict>
			<key>children</key>
			<array>
				<string>92925B301C9CA5BC0086D362</string>
				<string>92925B331C9CAB360086D362</string>
			</array>
			<key>isa</key>
			<string>PBXGroup</string>
			<key>name</key>
			<string>View Controllers</string>
			<key>sourceTree</key>
			<string>&lt;group&gt;</string>
		</dict>
		<key>92925B331C9CAB360086D362</key>
		<dict>
			<key>fileEncoding</key>
			<string>4</string>
			<key>isa</key>
			<string>PBXFileReference</string>
			<key>lastKnownFileType</key>
			<string>sourcecode.swift</string>
			<key>name</key>
			<string>PlayerViewController.swift</string>
			<key>path</key>
			<string>View Controllers/PlayerViewController.swift</string>
			<key>sourceTree</key>
			<string>&lt;group&gt;</string>
		</dict>
		<key>92925B341C9CAB360086D362</key>
		<dict>
			<key>fileRef</key>
			<string>92925B331C9CAB360086D362</string>
			<key>isa</key>
			<string>PBXBuildFile</string>
		</dict>
		<key>92925B431C9E199B0086D362</key>
		<dict>
			<key>fileEncoding</key>
			<string>4</string>
			<key>isa</key>
			<string>PBXFileReference</string>
			<key>lastKnownFileType</key>
			<string>sourcecode.swift</string>
			<key>path</key>
			<string>DescriptionRecipe.swift</string>
			<key>sourceTree</key>
			<string>&lt;group&gt;</string>
		</dict>
		<key>92925B441C9E199B0086D362</key>
		<dict>
			<key>fileEncoding</key>
			<string>4</string>
			<key>isa</key>
			<string>PBXFileReference</string>
			<key>lastKnownFileType</key>
			<string>text.xml</string>
			<key>path</key>
			<string>DescriptionRecipe.xml</string>
			<key>sourceTree</key>
			<string>&lt;group&gt;</string>
		</dict>
		<key>92925B451C9E199B0086D362</key>
		<dict>
			<key>fileRef</key>
			<string>92925B431C9E199B0086D362</string>
			<key>isa</key>
			<string>PBXBuildFile</string>
		</dict>
		<key>92925B461C9E199B0086D362</key>
		<dict>
			<key>fileRef</key>
			<string>92925B441C9E199B0086D362</string>
			<key>isa</key>
			<string>PBXBuildFile</string>
		</dict>
		<key>929B445E1C9B73FE00805EC4</key>
		<dict>
			<key>children</key>
			<array>
				<string>929B445F1C9B73FE00805EC4</string>
				<string>929B44601C9B73FE00805EC4</string>
				<string>92925B431C9E199B0086D362</string>
				<string>92925B441C9E199B0086D362</string>
				<string>929B44611C9B73FE00805EC4</string>
				<string>929B44621C9B73FE00805EC4</string>
				<string>92892D201C9E489000BCD1A1</string>
				<string>92892D211C9E489000BCD1A1</string>
			</array>
			<key>isa</key>
			<string>PBXGroup</string>
			<key>path</key>
			<string>Recipes</string>
			<key>sourceTree</key>
			<string>&lt;group&gt;</string>
		</dict>
		<key>929B445F1C9B73FE00805EC4</key>
		<dict>
			<key>fileEncoding</key>
			<string>4</string>
			<key>isa</key>
			<string>PBXFileReference</string>
			<key>lastKnownFileType</key>
			<string>sourcecode.swift</string>
			<key>path</key>
			<string>CatalogRecipe.swift</string>
			<key>sourceTree</key>
			<string>&lt;group&gt;</string>
		</dict>
		<key>929B44601C9B73FE00805EC4</key>
		<dict>
			<key>fileEncoding</key>
			<string>4</string>
			<key>isa</key>
			<string>PBXFileReference</string>
			<key>lastKnownFileType</key>
			<string>text.xml</string>
			<key>path</key>
			<string>CatalogRecipe.xml</string>
			<key>sourceTree</key>
			<string>&lt;group&gt;</string>
		</dict>
		<key>929B44611C9B73FE00805EC4</key>
		<dict>
			<key>fileEncoding</key>
			<string>4</string>
			<key>isa</key>
			<string>PBXFileReference</string>
			<key>lastKnownFileType</key>
			<string>sourcecode.swift</string>
			<key>path</key>
			<string>ProductRecipe.swift</string>
			<key>sourceTree</key>
			<string>&lt;group&gt;</string>
		</dict>
		<key>929B44621C9B73FE00805EC4</key>
		<dict>
			<key>fileEncoding</key>
			<string>4</string>
			<key>isa</key>
			<string>PBXFileReference</string>
			<key>lastKnownFileType</key>
			<string>text.xml</string>
			<key>path</key>
			<string>ProductRecipe.xml</string>
			<key>sourceTree</key>
			<string>&lt;group&gt;</string>
		</dict>
		<key>929B44631C9B73FE00805EC4</key>
		<dict>
			<key>fileRef</key>
			<string>929B445F1C9B73FE00805EC4</string>
			<key>isa</key>
			<string>PBXBuildFile</string>
		</dict>
		<key>929B44641C9B73FE00805EC4</key>
		<dict>
			<key>fileRef</key>
			<string>929B44601C9B73FE00805EC4</string>
			<key>isa</key>
			<string>PBXBuildFile</string>
		</dict>
		<key>929B44651C9B73FE00805EC4</key>
		<dict>
			<key>fileRef</key>
			<string>929B44611C9B73FE00805EC4</string>
			<key>isa</key>
			<string>PBXBuildFile</string>
		</dict>
		<key>929B44661C9B73FE00805EC4</key>
		<dict>
			<key>fileRef</key>
			<string>929B44621C9B73FE00805EC4</string>
			<key>isa</key>
			<string>PBXBuildFile</string>
		</dict>
		<key>92DF99D01CA6FB0800D6944C</key>
		<dict>
			<key>fileEncoding</key>
			<string>4</string>
			<key>isa</key>
			<string>PBXFileReference</string>
			<key>lastKnownFileType</key>
			<string>sourcecode.swift</string>
			<key>name</key>
			<string>Movie+Parallax.swift</string>
			<key>path</key>
			<string>Extensions/Movie+Parallax.swift</string>
			<key>sourceTree</key>
			<string>&lt;group&gt;</string>
		</dict>
		<key>92DF99D11CA6FB0800D6944C</key>
		<dict>
			<key>fileRef</key>
			<string>92DF99D01CA6FB0800D6944C</string>
			<key>isa</key>
			<string>PBXBuildFile</string>
		</dict>
		<key>A0783997FAC27A13BB5CB365</key>
		<dict>
			<key>buildActionMask</key>
			<string>2147483647</string>
			<key>files</key>
			<array/>
			<key>inputPaths</key>
			<array/>
			<key>isa</key>
			<string>PBXShellScriptBuildPhase</string>
			<key>name</key>
			<string>&#128230; Check Pods Manifest.lock</string>
			<key>outputPaths</key>
			<array/>
			<key>runOnlyForDeploymentPostprocessing</key>
			<string>0</string>
			<key>shellPath</key>
			<string>/bin/sh</string>
			<key>shellScript</key>
			<string>diff "${PODS_ROOT}/../Podfile.lock" "${PODS_ROOT}/Manifest.lock" &gt; /dev/null
if [[ $? != 0 ]] ; then
    cat &lt;&lt; EOM
error: The sandbox is not in sync with the Podfile.lock. Run 'pod install' or update your CocoaPods installation.
EOM
    exit 1
fi
</string>
			<key>showEnvVarsInLog</key>
			<string>0</string>
		</dict>
		<key>C900A4508BB37D7070FA6888</key>
		<dict>
			<key>explicitFileType</key>
			<string>wrapper.framework</string>
			<key>includeInIndex</key>
			<string>0</string>
			<key>isa</key>
			<string>PBXFileReference</string>
			<key>path</key>
			<string>Pods_PopcornTime.framework</string>
			<key>sourceTree</key>
			<string>BUILT_PRODUCTS_DIR</string>
		</dict>
		<key>E31248A9DC45B7AEBE724E1D</key>
		<dict>
			<key>includeInIndex</key>
			<string>1</string>
			<key>isa</key>
			<string>PBXFileReference</string>
			<key>lastKnownFileType</key>
			<string>text.xcconfig</string>
			<key>name</key>
			<string>Pods-PopcornTime.release.xcconfig</string>
			<key>path</key>
			<string>Pods/Target Support Files/Pods-PopcornTime/Pods-PopcornTime.release.xcconfig</string>
			<key>sourceTree</key>
			<string>&lt;group&gt;</string>
		</dict>
		<key>F032FB5E6318063D39F4ABAD</key>
		<dict>
			<key>buildActionMask</key>
			<string>2147483647</string>
			<key>files</key>
			<array/>
			<key>inputPaths</key>
			<array/>
			<key>isa</key>
			<string>PBXShellScriptBuildPhase</string>
			<key>name</key>
			<string>Embed Pods Frameworks</string>
			<key>outputPaths</key>
			<array/>
			<key>runOnlyForDeploymentPostprocessing</key>
			<string>0</string>
			<key>shellPath</key>
			<string>/bin/sh</string>
			<key>shellScript</key>
			<string>"${SRCROOT}/Pods/Target Support Files/Pods-PopcornTime/Pods-PopcornTime-frameworks.sh"
</string>
			<key>showEnvVarsInLog</key>
			<string>0</string>
		</dict>
		<key>F1EDDAB5F2E1772C41C22B7A</key>
		<dict>
			<key>children</key>
			<array>
				<string>C900A4508BB37D7070FA6888</string>
			</array>
			<key>isa</key>
			<string>PBXGroup</string>
			<key>name</key>
			<string>Frameworks</string>
			<key>sourceTree</key>
			<string>&lt;group&gt;</string>
		</dict>
		<key>F2F65676E59D10FCE8C9BE15</key>
		<dict>
			<key>includeInIndex</key>
			<string>1</string>
			<key>isa</key>
			<string>PBXFileReference</string>
			<key>lastKnownFileType</key>
			<string>text.xcconfig</string>
			<key>name</key>
			<string>Pods-PopcornTime.debug.xcconfig</string>
			<key>path</key>
			<string>Pods/Target Support Files/Pods-PopcornTime/Pods-PopcornTime.debug.xcconfig</string>
			<key>sourceTree</key>
			<string>&lt;group&gt;</string>
		</dict>
	</dict>
	<key>rootObject</key>
	<string>287B852C1C9873A200EEF5C8</string>
</dict>
</plist>
